
Microsoft Visual Studio Solution File, Format Version 12.00
# Visual Studio 14
VisualStudioVersion = 14.0.25123.0
MinimumVisualStudioVersion = 10.0.40219.1
Project("{FAE04EC0-301F-11D3-BF4B-00C04F79EFBC}") = "ViveirosID", "ViveirosID\ViveirosID.csproj", "{B963652B-6A25-4118-A821-87B033B53C9A}"
EndProject
Global
	GlobalSection(SolutionConfigurationPlatforms) = preSolution
		Debug|Any CPU = Debug|Any CPU
		Release|Any CPU = Release|Any CPU
	EndGlobalSection
	GlobalSection(ProjectConfigurationPlatforms) = postSolution
		{B963652B-6A25-4118-A821-87B033B53C9A}.Debug|Any CPU.ActiveCfg = Debug|Any CPU
		{B963652B-6A25-4118-A821-87B033B53C9A}.Debug|Any CPU.Build.0 = Debug|Any CPU
		{B963652B-6A25-4118-A821-87B033B53C9A}.Release|Any CPU.ActiveCfg = Release|Any CPU
		{B963652B-6A25-4118-A821-87B033B53C9A}.Release|Any CPU.Build.0 = Release|Any CPU
	EndGlobalSection
	GlobalSection(SolutionProperties) = preSolution
		HideSolutionNode = FALSE
	EndGlobalSection
EndGlobal
